Microsoft Visual Studio Solution File, Format Version 7.00
Project("{FAE04EC0-301F-11D3-BF4B-00C04F79EFBC}") = "PhysFS.NET", "PhysFS.NET.csproj", "{C6205A43-3D4D-41E6-872C-96CD7BE55230}"
EndProject
Global
	GlobalSection(SolutionConfiguration) = preSolution
		ConfigName.0 = Debug
		ConfigName.1 = Release
	EndGlobalSection
	GlobalSection(ProjectDependencies) = postSolution
	EndGlobalSection
	GlobalSection(ProjectConfiguration) = postSolution
		{C6205A43-3D4D-41E6-872C-96CD7BE55230}.Debug.ActiveCfg = Debug|.NET
		{C6205A43-3D4D-41E6-872C-96CD7BE55230}.Debug.Build.0 = Debug|.NET
		{C6205A43-3D4D-41E6-872C-96CD7BE55230}.Release.ActiveCfg = Release|.NET
		{C6205A43-3D4D-41E6-872C-96CD7BE55230}.Release.Build.0 = Release|.NET
	EndGlobalSection
	GlobalSection(ExtensibilityGlobals) = postSolution
	EndGlobalSection
	GlobalSection(ExtensibilityAddIns) = postSolution
	EndGlobalSection
EndGlobal
